github.com/rishiselvakumaran98/Distributed_Cache/cache v0.0.0-20230722200850-89f100a1a4f6 h1:19L0hBgTxbb2uU4sTtzqq8biGiRDRUEWyaCRwEghcnM=
github.com/rishiselvakumaran98/Distributed_Cache/cache v0.0.0-20230722200850-89f100a1a4f6/go.mod h1:HWQgN3zfdStgRDZQfDA6YAtl/0k5xb7dddJK+kjbtsg=
github.com/rishiselvakumaran98/Distributed_Cache/cache v0.0.0-20230724014108-5d9bcc706f1f h1:C3oOk+fnlIcf2wKFjKyP5KATLcuFJIPJ0ymM0b10wyU=
github.com/rishiselvakumaran98/Distributed_Cache/cache v0.0.0-20230724014108-5d9bcc706f1f/go.mod h1:HWQgN3zfdStgRDZQfDA6YAtl/0k5xb7dddJK+kjbtsg=
github.com/rishiselvakumaran98/Distributed_Cache/cache v0.0.0-20230724014537-1c3104d8045f h1:kCINLOEEzw7pKTIZ+QYN8jqt0KJRO0CKGGQSRnsXXNk=
github.com/rishiselvakumaran98/Distributed_Cache/cache v0.0.0-20230724014537-1c3104d8045f/go.mod h1:HWQgN3zfdStgRDZQfDA6YAtl/0k5xb7dddJK+kjbtsg=
